
Microsoft Visual Studio Solution File, Format Version 12.00
# Visual Studio Version 17
VisualStudioVersion = 17.3.32929.385
MinimumVisualStudioVersion = 10.0.40219.1
Project("{FAE04EC0-301F-11D3-BF4B-00C04F79EFBC}") = "ShowUpWithPomodoro", "ShowUpWithPomodoro\ShowUpWithPomodoro.csproj", "{77C61E47-7A29-4260-8D29-33A6897B6D38}"
EndProject
Global
	GlobalSection(SolutionConfigurationPlatforms) = preSolution
		Debug|Any CPU = Debug|Any CPU
		Release|Any CPU = Release|Any CPU
	EndGlobalSection
	GlobalSection(ProjectConfigurationPlatforms) = postSolution
		{77C61E47-7A29-4260-8D29-33A6897B6D38}.Debug|Any CPU.ActiveCfg = Debug|Any CPU
		{77C61E47-7A29-4260-8D29-33A6897B6D38}.Debug|Any CPU.Build.0 = Debug|Any CPU
		{77C61E47-7A29-4260-8D29-33A6897B6D38}.Release|Any CPU.ActiveCfg = Release|Any CPU
		{77C61E47-7A29-4260-8D29-33A6897B6D38}.Release|Any CPU.Build.0 = Release|Any CPU
	EndGlobalSection
	GlobalSection(SolutionProperties) = preSolution
		HideSolutionNode = FALSE
	EndGlobalSection
	GlobalSection(ExtensibilityGlobals) = postSolution
		SolutionGuid = {6924689D-93E6-46AF-9752-7182B67A0CF0}
	EndGlobalSection
EndGlobal
